
Microsoft Visual Studio Solution File, Format Version 12.00
# Visual Studio Version 16
VisualStudioVersion = 16.0.31112.23
MinimumVisualStudioVersion = 10.0.40219.1
Project("{FAE04EC0-301F-11D3-BF4B-00C04F79EFBC}") = "Azpipline", "Azpipline\Azpipline.csproj", "{C6A4A899-975C-4B90-83AF-F6D61A655549}"
EndProject
Global
	GlobalSection(SolutionConfigurationPlatforms) = preSolution
		Debug|Any CPU = Debug|Any CPU
		Release|Any CPU = Release|Any CPU
	EndGlobalSection
	GlobalSection(ProjectConfigurationPlatforms) = postSolution
		{C6A4A899-975C-4B90-83AF-F6D61A655549}.Debug|Any CPU.ActiveCfg = Debug|Any CPU
		{C6A4A899-975C-4B90-83AF-F6D61A655549}.Debug|Any CPU.Build.0 = Debug|Any CPU
		{C6A4A899-975C-4B90-83AF-F6D61A655549}.Release|Any CPU.ActiveCfg = Release|Any CPU
		{C6A4A899-975C-4B90-83AF-F6D61A655549}.Release|Any CPU.Build.0 = Release|Any CPU
	EndGlobalSection
	GlobalSection(SolutionProperties) = preSolution
		HideSolutionNode = FALSE
	EndGlobalSection
	GlobalSection(ExtensibilityGlobals) = postSolution
		SolutionGuid = {9F49329B-919E-4270-A490-52F29BC43CD1}
	EndGlobalSection
EndGlobal
